Microsoft Visual Studio Solution File, Format Version 12.00
# Visual Studio Version 17
VisualStudioVersion = 17.5.2.0
MinimumVisualStudioVersion = 10.0.40219.1
Project("{2150E333-8FDC-42A3-9474-1A3956D46DE8}") = "collections-csharp-practice", "collections-csharp-practice", "{B74F3C35-59E8-51DC-66E2-E46BE919468F}"
EndProject
Project("{2150E333-8FDC-42A3-9474-1A3956D46DE8}") = "scenario-based", "scenario-based", "{BCC98443-A04B-930B-BDC1-E5B5722CE080}"
EndProject
Project("{FAE04EC0-301F-11D3-BF4B-00C04F79EFBC}") = "HealthCheckPro", "collections-csharp-practice\scenario-based\HealthCheckPro\HealthCheckPro.csproj", "{EC23E044-0129-1A20-F6F7-BEF7B7FB8418}"
EndProject
Project("{FAE04EC0-301F-11D3-BF4B-00C04F79EFBC}") = "AddressBook", "collections-csharp-practice\scenario-based\AddressBook\AddressBook.csproj", "{5F56CD2B-D7DA-4C72-EF3D-23F4618BA44D}"
EndProject
Project("{FAE04EC0-301F-11D3-BF4B-00C04F79EFBC}") = "EventTraker", "collections-csharp-practice\scenario-based\EventTraker\EventTraker.csproj", "{0DD3E8A8-2488-A839-8AA5-83AFD30212B8}"
EndProject
Project("{2150E333-8FDC-42A3-9474-1A3956D46DE8}") = "gcr-codebase", "gcr-codebase", "{255FAFDC-F1EC-4880-7D21-15A4A1D77069}"
EndProject
Project("{2150E333-8FDC-42A3-9474-1A3956D46DE8}") = "c#-regex-and-nunit", "c#-regex-and-nunit", "{CC8427A6-1059-4E78-499C-037CF9F26E46}"
EndProject
Project("{2150E333-8FDC-42A3-9474-1A3956D46DE8}") = "NUnit", "NUnit", "{8F223A12-6C18-9A04-48C0-FCD6E4948871}"
EndProject
Project("{FAE04EC0-301F-11D3-BF4B-00C04F79EFBC}") = "StringUtils", "collections-csharp-practice\gcr-codebase\c#-regex-and-nunit\NUnit\StringUtils\StringUtils.csproj", "{38FEC8A3-91C3-00C5-E7D4-70250361A8D7}"
EndProject
Project("{FAE04EC0-301F-11D3-BF4B-00C04F79EFBC}") = "Calculator", "collections-csharp-practice\gcr-codebase\c#-regex-and-nunit\NUnit\Calculator\Calculator.csproj", "{3FBD5478-C6C3-A8C7-E680-5CB5DE078223}"
EndProject
Project("{FAE04EC0-301F-11D3-BF4B-00C04F79EFBC}") = "TimeoutTest", "collections-csharp-practice\gcr-codebase\c#-regex-and-nunit\NUnit\TimeoutTest\TimeoutTest.csproj", "{85338B28-BF55-5725-13D2-C5DFC0A961F3}"
EndProject
Project("{FAE04EC0-301F-11D3-BF4B-00C04F79EFBC}") = "ParameterizedTests", "collections-csharp-practice\gcr-codebase\c#-regex-and-nunit\NUnit\ParameterizedTests\ParameterizedTests.csproj", "{E1273AEF-F27A-7487-5F54-0EBA8A83EE66}"
EndProject
Project("{FAE04EC0-301F-11D3-BF4B-00C04F79EFBC}") = "ListManager", "collections-csharp-practice\gcr-codebase\c#-regex-and-nunit\NUnit\ListManager\ListManager.csproj", "{C4A1B005-B932-0D10-6DA6-B2D8DE2B152C}"
EndProject
Project("{FAE04EC0-301F-11D3-BF4B-00C04F79EFBC}") = "FileHandling", "collections-csharp-practice\gcr-codebase\c#-regex-and-nunit\NUnit\FileHandling\FileHandling.csproj", "{FDD0294B-037A-1194-754C-660494D362C0}"
EndProject
Project("{FAE04EC0-301F-11D3-BF4B-00C04F79EFBC}") = "Setup&Teardown", "collections-csharp-practice\gcr-codebase\c#-regex-and-nunit\NUnit\Setup&Teardown\Setup&Teardown.csproj", "{3271A4B7-A4F6-FA8C-0116-066B520D322D}"
EndProject
Global
	GlobalSection(SolutionConfigurationPlatforms) = preSolution
		Debug|Any CPU = Debug|Any CPU
		Release|Any CPU = Release|Any CPU
	EndGlobalSection
	GlobalSection(ProjectConfigurationPlatforms) = postSolution
		{EC23E044-0129-1A20-F6F7-BEF7B7FB8418}.Debug|Any CPU.ActiveCfg = Debug|Any CPU
		{EC23E044-0129-1A20-F6F7-BEF7B7FB8418}.Debug|Any CPU.Build.0 = Debug|Any CPU
		{EC23E044-0129-1A20-F6F7-BEF7B7FB8418}.Release|Any CPU.ActiveCfg = Release|Any CPU
		{EC23E044-0129-1A20-F6F7-BEF7B7FB8418}.Release|Any CPU.Build.0 = Release|Any CPU
		{5F56CD2B-D7DA-4C72-EF3D-23F4618BA44D}.Debug|Any CPU.ActiveCfg = Debug|Any CPU
		{5F56CD2B-D7DA-4C72-EF3D-23F4618BA44D}.Debug|Any CPU.Build.0 = Debug|Any CPU
		{5F56CD2B-D7DA-4C72-EF3D-23F4618BA44D}.Release|Any CPU.ActiveCfg = Release|Any CPU
		{5F56CD2B-D7DA-4C72-EF3D-23F4618BA44D}.Release|Any CPU.Build.0 = Release|Any CPU
		{0DD3E8A8-2488-A839-8AA5-83AFD30212B8}.Debug|Any CPU.ActiveCfg = Debug|Any CPU
		{0DD3E8A8-2488-A839-8AA5-83AFD30212B8}.Debug|Any CPU.Build.0 = Debug|Any CPU
		{0DD3E8A8-2488-A839-8AA5-83AFD30212B8}.Release|Any CPU.ActiveCfg = Release|Any CPU
		{0DD3E8A8-2488-A839-8AA5-83AFD30212B8}.Release|Any CPU.Build.0 = Release|Any CPU
		{38FEC8A3-91C3-00C5-E7D4-70250361A8D7}.Debug|Any CPU.ActiveCfg = Debug|Any CPU
		{38FEC8A3-91C3-00C5-E7D4-70250361A8D7}.Debug|Any CPU.Build.0 = Debug|Any CPU
		{38FEC8A3-91C3-00C5-E7D4-70250361A8D7}.Release|Any CPU.ActiveCfg = Release|Any CPU
		{38FEC8A3-91C3-00C5-E7D4-70250361A8D7}.Release|Any CPU.Build.0 = Release|Any CPU
		{3FBD5478-C6C3-A8C7-E680-5CB5DE078223}.Debug|Any CPU.ActiveCfg = Debug|Any CPU
		{3FBD5478-C6C3-A8C7-E680-5CB5DE078223}.Debug|Any CPU.Build.0 = Debug|Any CPU
		{3FBD5478-C6C3-A8C7-E680-5CB5DE078223}.Release|Any CPU.ActiveCfg = Release|Any CPU
		{3FBD5478-C6C3-A8C7-E680-5CB5DE078223}.Release|Any CPU.Build.0 = Release|Any CPU
		{85338B28-BF55-5725-13D2-C5DFC0A961F3}.Debug|Any CPU.ActiveCfg = Debug|Any CPU
		{85338B28-BF55-5725-13D2-C5DFC0A961F3}.Debug|Any CPU.Build.0 = Debug|Any CPU
		{85338B28-BF55-5725-13D2-C5DFC0A961F3}.Release|Any CPU.ActiveCfg = Release|Any CPU
		{85338B28-BF55-5725-13D2-C5DFC0A961F3}.Release|Any CPU.Build.0 = Release|Any CPU
		{E1273AEF-F27A-7487-5F54-0EBA8A83EE66}.Debug|Any CPU.ActiveCfg = Debug|Any CPU
		{E1273AEF-F27A-7487-5F54-0EBA8A83EE66}.Debug|Any CPU.Build.0 = Debug|Any CPU
		{E1273AEF-F27A-7487-5F54-0EBA8A83EE66}.Release|Any CPU.ActiveCfg = Release|Any CPU
		{E1273AEF-F27A-7487-5F54-0EBA8A83EE66}.Release|Any CPU.Build.0 = Release|Any CPU
		{C4A1B005-B932-0D10-6DA6-B2D8DE2B152C}.Debug|Any CPU.ActiveCfg = Debug|Any CPU
		{C4A1B005-B932-0D10-6DA6-B2D8DE2B152C}.Debug|Any CPU.Build.0 = Debug|Any CPU
		{C4A1B005-B932-0D10-6DA6-B2D8DE2B152C}.Release|Any CPU.ActiveCfg = Release|Any CPU
		{C4A1B005-B932-0D10-6DA6-B2D8DE2B152C}.Release|Any CPU.Build.0 = Release|Any CPU
		{FDD0294B-037A-1194-754C-660494D362C0}.Debug|Any CPU.ActiveCfg = Debug|Any CPU
		{FDD0294B-037A-1194-754C-660494D362C0}.Debug|Any CPU.Build.0 = Debug|Any CPU
		{FDD0294B-037A-1194-754C-660494D362C0}.Release|Any CPU.ActiveCfg = Release|Any CPU
		{FDD0294B-037A-1194-754C-660494D362C0}.Release|Any CPU.Build.0 = Release|Any CPU
		{3271A4B7-A4F6-FA8C-0116-066B520D322D}.Debug|Any CPU.ActiveCfg = Debug|Any CPU
		{3271A4B7-A4F6-FA8C-0116-066B520D322D}.Debug|Any CPU.Build.0 = Debug|Any CPU
		{3271A4B7-A4F6-FA8C-0116-066B520D322D}.Release|Any CPU.ActiveCfg = Release|Any CPU
		{3271A4B7-A4F6-FA8C-0116-066B520D322D}.Release|Any CPU.Build.0 = Release|Any CPU
	EndGlobalSection
	GlobalSection(SolutionProperties) = preSolution
		HideSolutionNode = FALSE
	EndGlobalSection
	GlobalSection(NestedProjects) = preSolution
		{BCC98443-A04B-930B-BDC1-E5B5722CE080} = {B74F3C35-59E8-51DC-66E2-E46BE919468F}
		{EC23E044-0129-1A20-F6F7-BEF7B7FB8418} = {BCC98443-A04B-930B-BDC1-E5B5722CE080}
		{5F56CD2B-D7DA-4C72-EF3D-23F4618BA44D} = {BCC98443-A04B-930B-BDC1-E5B5722CE080}
		{0DD3E8A8-2488-A839-8AA5-83AFD30212B8} = {BCC98443-A04B-930B-BDC1-E5B5722CE080}
		{255FAFDC-F1EC-4880-7D21-15A4A1D77069} = {B74F3C35-59E8-51DC-66E2-E46BE919468F}
		{CC8427A6-1059-4E78-499C-037CF9F26E46} = {255FAFDC-F1EC-4880-7D21-15A4A1D77069}
		{8F223A12-6C18-9A04-48C0-FCD6E4948871} = {CC8427A6-1059-4E78-499C-037CF9F26E46}
		{38FEC8A3-91C3-00C5-E7D4-70250361A8D7} = {8F223A12-6C18-9A04-48C0-FCD6E4948871}
		{3FBD5478-C6C3-A8C7-E680-5CB5DE078223} = {8F223A12-6C18-9A04-48C0-FCD6E4948871}
		{85338B28-BF55-5725-13D2-C5DFC0A961F3} = {8F223A12-6C18-9A04-48C0-FCD6E4948871}
		{E1273AEF-F27A-7487-5F54-0EBA8A83EE66} = {8F223A12-6C18-9A04-48C0-FCD6E4948871}
		{C4A1B005-B932-0D10-6DA6-B2D8DE2B152C} = {8F223A12-6C18-9A04-48C0-FCD6E4948871}
		{FDD0294B-037A-1194-754C-660494D362C0} = {8F223A12-6C18-9A04-48C0-FCD6E4948871}
		{3271A4B7-A4F6-FA8C-0116-066B520D322D} = {8F223A12-6C18-9A04-48C0-FCD6E4948871}
	EndGlobalSection
	GlobalSection(ExtensibilityGlobals) = postSolution
		SolutionGuid = {BC26A658-48C7-4DF4-AB96-BDA5C0712B6D}
	EndGlobalSection
EndGlobal
