Microsoft Visual Studio Solution File, Format Version 12.00
# Visual Studio Version 17
VisualStudioVersion = 17.5.2.0
MinimumVisualStudioVersion = 10.0.40219.1
Project("{2150E333-8FDC-42A3-9474-1A3956D46DE8}") = "oops-c#-practice", "oops-c#-practice", "{83446080-C3B2-F9F1-FF83-F8271234B7B4}"
EndProject
Project("{2150E333-8FDC-42A3-9474-1A3956D46DE8}") = "scenario-based", "scenario-based", "{3B74048D-846B-CA43-6125-E261DCE44464}"
EndProject
Project("{FAE04EC0-301F-11D3-BF4B-00C04F79EFBC}") = "BankAccountManager", "oops-c#-practice\scenario-based\BankAccountManager\BankAccountManager.csproj", "{388D09EC-7A4C-74EF-9FC8-A5285D070DFA}"
EndProject
Project("{FAE04EC0-301F-11D3-BF4B-00C04F79EFBC}") = "CafeteriaMenu", "oops-c#-practice\scenario-based\CafeteriaMenu\CafeteriaMenu.csproj", "{980FA143-C77C-0554-B05F-EDC979B0DCE2}"
EndProject
Project("{FAE04EC0-301F-11D3-BF4B-00C04F79EFBC}") = "InvoiceGenerator", "oops-c#-practice\scenario-based\InvoiceGenerator\InvoiceGenerator.csproj", "{5B6EB181-3719-BDE2-0F63-E652E7833908}"
EndProject
Global
	GlobalSection(SolutionConfigurationPlatforms) = preSolution
		Debug|Any CPU = Debug|Any CPU
		Release|Any CPU = Release|Any CPU
	EndGlobalSection
	GlobalSection(ProjectConfigurationPlatforms) = postSolution
		{388D09EC-7A4C-74EF-9FC8-A5285D070DFA}.Debug|Any CPU.ActiveCfg = Debug|Any CPU
		{388D09EC-7A4C-74EF-9FC8-A5285D070DFA}.Debug|Any CPU.Build.0 = Debug|Any CPU
		{388D09EC-7A4C-74EF-9FC8-A5285D070DFA}.Release|Any CPU.ActiveCfg = Release|Any CPU
		{388D09EC-7A4C-74EF-9FC8-A5285D070DFA}.Release|Any CPU.Build.0 = Release|Any CPU
		{980FA143-C77C-0554-B05F-EDC979B0DCE2}.Debug|Any CPU.ActiveCfg = Debug|Any CPU
		{980FA143-C77C-0554-B05F-EDC979B0DCE2}.Debug|Any CPU.Build.0 = Debug|Any CPU
		{980FA143-C77C-0554-B05F-EDC979B0DCE2}.Release|Any CPU.ActiveCfg = Release|Any CPU
		{980FA143-C77C-0554-B05F-EDC979B0DCE2}.Release|Any CPU.Build.0 = Release|Any CPU
		{5B6EB181-3719-BDE2-0F63-E652E7833908}.Debug|Any CPU.ActiveCfg = Debug|Any CPU
		{5B6EB181-3719-BDE2-0F63-E652E7833908}.Debug|Any CPU.Build.0 = Debug|Any CPU
		{5B6EB181-3719-BDE2-0F63-E652E7833908}.Release|Any CPU.ActiveCfg = Release|Any CPU
		{5B6EB181-3719-BDE2-0F63-E652E7833908}.Release|Any CPU.Build.0 = Release|Any CPU
	EndGlobalSection
	GlobalSection(SolutionProperties) = preSolution
		HideSolutionNode = FALSE
	EndGlobalSection
	GlobalSection(NestedProjects) = preSolution
		{3B74048D-846B-CA43-6125-E261DCE44464} = {83446080-C3B2-F9F1-FF83-F8271234B7B4}
		{388D09EC-7A4C-74EF-9FC8-A5285D070DFA} = {3B74048D-846B-CA43-6125-E261DCE44464}
		{980FA143-C77C-0554-B05F-EDC979B0DCE2} = {3B74048D-846B-CA43-6125-E261DCE44464}
		{5B6EB181-3719-BDE2-0F63-E652E7833908} = {3B74048D-846B-CA43-6125-E261DCE44464}
	EndGlobalSection
	GlobalSection(ExtensibilityGlobals) = postSolution
		SolutionGuid = {9283D7B5-55E7-438D-9F38-E4CF330E4FB4}
	EndGlobalSection
EndGlobal
